
Microsoft Visual Studio Solution File, Format Version 12.00
# Visual Studio Version 16
VisualStudioVersion = 16.0.31624.102
MinimumVisualStudioVersion = 10.0.40219.1
Project("{FAE04EC0-301F-11D3-BF4B-00C04F79EFBC}") = "ConsoleApp31", "ConsoleApp31.csproj", "{2B455D6C-FFE0-43B3-875F-81E2CEBDA732}"
EndProject
Global
	GlobalSection(SolutionConfigurationPlatforms) = preSolution
		Debug|Any CPU = Debug|Any CPU
		Release|Any CPU = Release|Any CPU
	EndGlobalSection
	GlobalSection(ProjectConfigurationPlatforms) = postSolution
		{2B455D6C-FFE0-43B3-875F-81E2CEBDA732}.Debug|Any CPU.ActiveCfg = Debug|Any CPU
		{2B455D6C-FFE0-43B3-875F-81E2CEBDA732}.Debug|Any CPU.Build.0 = Debug|Any CPU
		{2B455D6C-FFE0-43B3-875F-81E2CEBDA732}.Release|Any CPU.ActiveCfg = Release|Any CPU
		{2B455D6C-FFE0-43B3-875F-81E2CEBDA732}.Release|Any CPU.Build.0 = Release|Any CPU
	EndGlobalSection
	GlobalSection(SolutionProperties) = preSolution
		HideSolutionNode = FALSE
	EndGlobalSection
	GlobalSection(ExtensibilityGlobals) = postSolution
		SolutionGuid = {6DD1F47E-03A4-46C7-BC91-6BD53E94D59D}
	EndGlobalSection
EndGlobal
